
Microsoft Visual Studio Solution File, Format Version 12.00
# Visual Studio Version 17
VisualStudioVersion = 17.0.31903.59
MinimumVisualStudioVersion = 10.0.40219.1
Project("{2150E333-8FDC-42A3-9474-1A3956D46DE8}") = "src", "src", "{827E0CD3-B72D-47B6-A68D-7590B98EB39B}"
EndProject
Project("{FAE04EC0-301F-11D3-BF4B-00C04F79EFBC}") = "Kitab.Domain", "src\Kitab.Domain\Kitab.Domain.csproj", "{72EC554D-A837-4F4D-AE5E-806429E6EA36}"
EndProject
Project("{FAE04EC0-301F-11D3-BF4B-00C04F79EFBC}") = "Kitab.Application", "src\Kitab.Application\Kitab.Application.csproj", "{23E03733-D1A4-4120-B925-49457318549C}"
EndProject
Project("{FAE04EC0-301F-11D3-BF4B-00C04F79EFBC}") = "Kitab.Infrastructure", "src\Kitab.Infrastructure\Kitab.Infrastructure.csproj", "{CFC55A22-1847-4737-AC9A-5EFB86A22720}"
EndProject
Project("{FAE04EC0-301F-11D3-BF4B-00C04F79EFBC}") = "Kitab.API", "src\Kitab.API\Kitab.API.csproj", "{BC3F2126-5B4D-41CB-B6EC-81F6AF80BFB4}"
EndProject
Project("{2150E333-8FDC-42A3-9474-1A3956D46DE8}") = "tests", "tests", "{0AB3BF05-4346-4AA6-1389-037BE0695223}"
EndProject
Project("{FAE04EC0-301F-11D3-BF4B-00C04F79EFBC}") = "Kitab.API.Tests", "tests\Kitab.API.Tests\Kitab.API.Tests.csproj", "{D6B24E48-DFEC-483A-8F5E-6433956F1CDB}"
EndProject
Global
	GlobalSection(SolutionConfigurationPlatforms) = preSolution
		Debug|Any CPU = Debug|Any CPU
		Debug|x64 = Debug|x64
		Debug|x86 = Debug|x86
		Release|Any CPU = Release|Any CPU
		Release|x64 = Release|x64
		Release|x86 = Release|x86
	EndGlobalSection
	GlobalSection(ProjectConfigurationPlatforms) = postSolution
		{72EC554D-A837-4F4D-AE5E-806429E6EA36}.Debug|Any CPU.ActiveCfg = Debug|Any CPU
		{72EC554D-A837-4F4D-AE5E-806429E6EA36}.Debug|Any CPU.Build.0 = Debug|Any CPU
		{72EC554D-A837-4F4D-AE5E-806429E6EA36}.Debug|x64.ActiveCfg = Debug|Any CPU
		{72EC554D-A837-4F4D-AE5E-806429E6EA36}.Debug|x64.Build.0 = Debug|Any CPU
		{72EC554D-A837-4F4D-AE5E-806429E6EA36}.Debug|x86.ActiveCfg = Debug|Any CPU
		{72EC554D-A837-4F4D-AE5E-806429E6EA36}.Debug|x86.Build.0 = Debug|Any CPU
		{72EC554D-A837-4F4D-AE5E-806429E6EA36}.Release|Any CPU.ActiveCfg = Release|Any CPU
		{72EC554D-A837-4F4D-AE5E-806429E6EA36}.Release|Any CPU.Build.0 = Release|Any CPU
		{72EC554D-A837-4F4D-AE5E-806429E6EA36}.Release|x64.ActiveCfg = Release|Any CPU
		{72EC554D-A837-4F4D-AE5E-806429E6EA36}.Release|x64.Build.0 = Release|Any CPU
		{72EC554D-A837-4F4D-AE5E-806429E6EA36}.Release|x86.ActiveCfg = Release|Any CPU
		{72EC554D-A837-4F4D-AE5E-806429E6EA36}.Release|x86.Build.0 = Release|Any CPU
		{23E03733-D1A4-4120-B925-49457318549C}.Debug|Any CPU.ActiveCfg = Debug|Any CPU
		{23E03733-D1A4-4120-B925-49457318549C}.Debug|Any CPU.Build.0 = Debug|Any CPU
		{23E03733-D1A4-4120-B925-49457318549C}.Debug|x64.ActiveCfg = Debug|Any CPU
		{23E03733-D1A4-4120-B925-49457318549C}.Debug|x64.Build.0 = Debug|Any CPU
		{23E03733-D1A4-4120-B925-49457318549C}.Debug|x86.ActiveCfg = Debug|Any CPU
		{23E03733-D1A4-4120-B925-49457318549C}.Debug|x86.Build.0 = Debug|Any CPU
		{23E03733-D1A4-4120-B925-49457318549C}.Release|Any CPU.ActiveCfg = Release|Any CPU
		{23E03733-D1A4-4120-B925-49457318549C}.Release|Any CPU.Build.0 = Release|Any CPU
		{23E03733-D1A4-4120-B925-49457318549C}.Release|x64.ActiveCfg = Release|Any CPU
		{23E03733-D1A4-4120-B925-49457318549C}.Release|x64.Build.0 = Release|Any CPU
		{23E03733-D1A4-4120-B925-49457318549C}.Release|x86.ActiveCfg = Release|Any CPU
		{23E03733-D1A4-4120-B925-49457318549C}.Release|x86.Build.0 = Release|Any CPU
		{CFC55A22-1847-4737-AC9A-5EFB86A22720}.Debug|Any CPU.ActiveCfg = Debug|Any CPU
		{CFC55A22-1847-4737-AC9A-5EFB86A22720}.Debug|Any CPU.Build.0 = Debug|Any CPU
		{CFC55A22-1847-4737-AC9A-5EFB86A22720}.Debug|x64.ActiveCfg = Debug|Any CPU
		{CFC55A22-1847-4737-AC9A-5EFB86A22720}.Debug|x64.Build.0 = Debug|Any CPU
		{CFC55A22-1847-4737-AC9A-5EFB86A22720}.Debug|x86.ActiveCfg = Debug|Any CPU
		{CFC55A22-1847-4737-AC9A-5EFB86A22720}.Debug|x86.Build.0 = Debug|Any CPU
		{CFC55A22-1847-4737-AC9A-5EFB86A22720}.Release|Any CPU.ActiveCfg = Release|Any CPU
		{CFC55A22-1847-4737-AC9A-5EFB86A22720}.Release|Any CPU.Build.0 = Release|Any CPU
		{CFC55A22-1847-4737-AC9A-5EFB86A22720}.Release|x64.ActiveCfg = Release|Any CPU
		{CFC55A22-1847-4737-AC9A-5EFB86A22720}.Release|x64.Build.0 = Release|Any CPU
		{CFC55A22-1847-4737-AC9A-5EFB86A22720}.Release|x86.ActiveCfg = Release|Any CPU
		{CFC55A22-1847-4737-AC9A-5EFB86A22720}.Release|x86.Build.0 = Release|Any CPU
		{BC3F2126-5B4D-41CB-B6EC-81F6AF80BFB4}.Debug|Any CPU.ActiveCfg = Debug|Any CPU
		{BC3F2126-5B4D-41CB-B6EC-81F6AF80BFB4}.Debug|Any CPU.Build.0 = Debug|Any CPU
		{BC3F2126-5B4D-41CB-B6EC-81F6AF80BFB4}.Debug|x64.ActiveCfg = Debug|Any CPU
		{BC3F2126-5B4D-41CB-B6EC-81F6AF80BFB4}.Debug|x64.Build.0 = Debug|Any CPU
		{BC3F2126-5B4D-41CB-B6EC-81F6AF80BFB4}.Debug|x86.ActiveCfg = Debug|Any CPU
		{BC3F2126-5B4D-41CB-B6EC-81F6AF80BFB4}.Debug|x86.Build.0 = Debug|Any CPU
		{BC3F2126-5B4D-41CB-B6EC-81F6AF80BFB4}.Release|Any CPU.ActiveCfg = Release|Any CPU
		{BC3F2126-5B4D-41CB-B6EC-81F6AF80BFB4}.Release|Any CPU.Build.0 = Release|Any CPU
		{BC3F2126-5B4D-41CB-B6EC-81F6AF80BFB4}.Release|x64.ActiveCfg = Release|Any CPU
		{BC3F2126-5B4D-41CB-B6EC-81F6AF80BFB4}.Release|x64.Build.0 = Release|Any CPU
		{BC3F2126-5B4D-41CB-B6EC-81F6AF80BFB4}.Release|x86.ActiveCfg = Release|Any CPU
		{BC3F2126-5B4D-41CB-B6EC-81F6AF80BFB4}.Release|x86.Build.0 = Release|Any CPU
		{D6B24E48-DFEC-483A-8F5E-6433956F1CDB}.Debug|Any CPU.ActiveCfg = Debug|Any CPU
		{D6B24E48-DFEC-483A-8F5E-6433956F1CDB}.Debug|Any CPU.Build.0 = Debug|Any CPU
		{D6B24E48-DFEC-483A-8F5E-6433956F1CDB}.Debug|x64.ActiveCfg = Debug|Any CPU
		{D6B24E48-DFEC-483A-8F5E-6433956F1CDB}.Debug|x64.Build.0 = Debug|Any CPU
		{D6B24E48-DFEC-483A-8F5E-6433956F1CDB}.Debug|x86.ActiveCfg = Debug|Any CPU
		{D6B24E48-DFEC-483A-8F5E-6433956F1CDB}.Debug|x86.Build.0 = Debug|Any CPU
		{D6B24E48-DFEC-483A-8F5E-6433956F1CDB}.Release|Any CPU.ActiveCfg = Release|Any CPU
		{D6B24E48-DFEC-483A-8F5E-6433956F1CDB}.Release|Any CPU.Build.0 = Release|Any CPU
		{D6B24E48-DFEC-483A-8F5E-6433956F1CDB}.Release|x64.ActiveCfg = Release|Any CPU
		{D6B24E48-DFEC-483A-8F5E-6433956F1CDB}.Release|x64.Build.0 = Release|Any CPU
		{D6B24E48-DFEC-483A-8F5E-6433956F1CDB}.Release|x86.ActiveCfg = Release|Any CPU
		{D6B24E48-DFEC-483A-8F5E-6433956F1CDB}.Release|x86.Build.0 = Release|Any CPU
	EndGlobalSection
	GlobalSection(SolutionProperties) = preSolution
		HideSolutionNode = FALSE
	EndGlobalSection
	GlobalSection(NestedProjects) = preSolution
		{72EC554D-A837-4F4D-AE5E-806429E6EA36} = {827E0CD3-B72D-47B6-A68D-7590B98EB39B}
		{23E03733-D1A4-4120-B925-49457318549C} = {827E0CD3-B72D-47B6-A68D-7590B98EB39B}
		{CFC55A22-1847-4737-AC9A-5EFB86A22720} = {827E0CD3-B72D-47B6-A68D-7590B98EB39B}
		{BC3F2126-5B4D-41CB-B6EC-81F6AF80BFB4} = {827E0CD3-B72D-47B6-A68D-7590B98EB39B}
		{D6B24E48-DFEC-483A-8F5E-6433956F1CDB} = {0AB3BF05-4346-4AA6-1389-037BE0695223}
	EndGlobalSection
EndGlobal
